// !$*UTF8*$!
{
	archiveVersion = 1;
	classes = {
	};
	objectVersion = 56;
	objects = {

/* Begin PBXBuildFile section */
		650113A42AB8716500574717 /* CustomTabBarContainerView.swift in Sources */ = {isa = PBXBuildFile; fileRef = 650113A32AB8716500574717 /* CustomTabBarContainerView.swift */; };
		650113A62AB8719B00574717 /* CustomTabBarView.swift in Sources */ = {isa = PBXBuildFile; fileRef = 650113A52AB8719B00574717 /* CustomTabBarView.swift */; };
		650113A92AB871CD00574717 /* TabBarItemPreferenceKey.swift in Sources */ = {isa = PBXBuildFile; fileRef = 650113A82AB871CD00574717 /* TabBarItemPreferenceKey.swift */; };
		650113AB2AB8802300574717 /* SettingsView.swift in Sources */ = {isa = PBXBuildFile; fileRef = 650113AA2AB8802300574717 /* SettingsView.swift */; };
		650113AD2AB8805E00574717 /* LibraryView.swift in Sources */ = {isa = PBXBuildFile; fileRef = 650113AC2AB8805E00574717 /* LibraryView.swift */; };
		650113B02AB9BF4D00574717 /* Catagory+CoreDataClass.swift in Sources */ = {isa = PBXBuildFile; fileRef = 650113AE2AB9BF4D00574717 /* Catagory+CoreDataClass.swift */; };
		6508235E2AAAF83800BE4DA9 /* ComicDetailListItem.swift in Sources */ = {isa = PBXBuildFile; fileRef = 6508235D2AAAF83800BE4DA9 /* ComicDetailListItem.swift */; };
		6511BB842AC1EFD5008D792B /* ZIPFoundation in Frameworks */ = {isa = PBXBuildFile; productRef = 6511BB832AC1EFD5008D792B /* ZIPFoundation */; };
		6511BB862AC2B6EE008D792B /* OLD.swift in Sources */ = {isa = PBXBuildFile; fileRef = 6511BB852AC2B6EE008D792B /* OLD.swift */; };
		651D753E2AB478D1002E66F9 /* PagerView.swift in Sources */ = {isa = PBXBuildFile; fileRef = 651D753D2AB478D1002E66F9 /* PagerView.swift */; };
		6529B2512AADDF870064AD43 /* PageView.swift in Sources */ = {isa = PBXBuildFile; fileRef = 6529B2502AADDF870064AD43 /* PageView.swift */; };
		655116E52AA714DF0083725D /* YomiYomiApp.swift in Sources */ = {isa = PBXBuildFile; fileRef = 655116E42AA714DF0083725D /* YomiYomiApp.swift */; };
		655116E72AA714DF0083725D /* ContentView.swift in Sources */ = {isa = PBXBuildFile; fileRef = 655116E62AA714DF0083725D /* ContentView.swift */; };
		655116E92AA714E00083725D /* Assets.xcassets in Resources */ = {isa = PBXBuildFile; fileRef = 655116E82AA714E00083725D /* Assets.xcassets */; };
		655116EC2AA714E00083725D /* Preview Assets.xcassets in Resources */ = {isa = PBXBuildFile; fileRef = 655116EB2AA714E00083725D /* Preview Assets.xcassets */; };
		655116EE2AA714E00083725D /* Persistence.swift in Sources */ = {isa = PBXBuildFile; fileRef = 655116ED2AA714E00083725D /* Persistence.swift */; };
		655116F12AA714E00083725D /* YomiYomi.xcdatamodeld in Sources */ = {isa = PBXBuildFile; fileRef = 655116EF2AA714E00083725D /* YomiYomi.xcdatamodeld */; };
		655117182AA756BC0083725D /* Comic+CoreDataClass.swift in Sources */ = {isa = PBXBuildFile; fileRef = 655117142AA756BC0083725D /* Comic+CoreDataClass.swift */; };
		6551171A2AA756BC0083725D /* Chapter+CoreDataClass.swift in Sources */ = {isa = PBXBuildFile; fileRef = 655117162AA756BC0083725D /* Chapter+CoreDataClass.swift */; };
		6551171D2AA76DB00083725D /* Helper.swift in Sources */ = {isa = PBXBuildFile; fileRef = 6551171C2AA76DB00083725D /* Helper.swift */; };
		655117202AA76E3E0083725D /* ZipArchive in Frameworks */ = {isa = PBXBuildFile; productRef = 6551171F2AA76E3E0083725D /* ZipArchive */; };
		655117222AA86DEB0083725D /* ImageModifier.swift in Sources */ = {isa = PBXBuildFile; fileRef = 655117212AA86DEB0083725D /* ImageModifier.swift */; };
		655117242AA86E0F0083725D /* ComicDetailView.swift in Sources */ = {isa = PBXBuildFile; fileRef = 655117232AA86E0F0083725D /* ComicDetailView.swift */; };
		655117272AA86ECC0083725D /* TabView.swift in Sources */ = {isa = PBXBuildFile; fileRef = 655117262AA86ECC0083725D /* TabView.swift */; };
		655117292AA86EF40083725D /* CatagoryView.swift in Sources */ = {isa = PBXBuildFile; fileRef = 655117282AA86EF40083725D /* CatagoryView.swift */; };
		6551172B2AA86F050083725D /* Constants.swift in Sources */ = {isa = PBXBuildFile; fileRef = 6551172A2AA86F050083725D /* Constants.swift */; };
		6551172D2AA872AD0083725D /* ComicView.swift in Sources */ = {isa = PBXBuildFile; fileRef = 6551172C2AA872AD0083725D /* ComicView.swift */; };
		655117302AA872C60083725D /* SwiftUIPager in Frameworks */ = {isa = PBXBuildFile; productRef = 6551172F2AA872C60083725D /* SwiftUIPager */; };
		655117322AA872E20083725D /* Card.swift in Sources */ = {isa = PBXBuildFile; fileRef = 655117312AA872E20083725D /* Card.swift */; };
		655117342AA872FC0083725D /* Extensions.swift in Sources */ = {isa = PBXBuildFile; fileRef = 655117332AA872FC0083725D /* Extensions.swift */; };
/* End PBXBuildFile section */

/* Begin PBXFileReference section */
		650113A32AB8716500574717 /* CustomTabBarContainerView.swift */ = {isa = PBXFileReference; lastKnownFileType = sourcecode.swift; path = CustomTabBarContainerView.swift; sourceTree = "<group>"; };
		650113A52AB8719B00574717 /* CustomTabBarView.swift */ = {isa = PBXFileReference; lastKnownFileType = sourcecode.swift; path = CustomTabBarView.swift; sourceTree = "<group>"; };
		650113A82AB871CD00574717 /* TabBarItemPreferenceKey.swift */ = {isa = PBXFileReference; lastKnownFileType = sourcecode.swift; path = TabBarItemPreferenceKey.swift; sourceTree = "<group>"; };
		650113AA2AB8802300574717 /* SettingsView.swift */ = {isa = PBXFileReference; lastKnownFileType = sourcecode.swift; path = SettingsView.swift; sourceTree = "<group>"; };
		650113AC2AB8805E00574717 /* LibraryView.swift */ = {isa = PBXFileReference; lastKnownFileType = sourcecode.swift; path = LibraryView.swift; sourceTree = "<group>"; };
		650113AE2AB9BF4D00574717 /* Catagory+CoreDataClass.swift */ = {isa = PBXFileReference; lastKnownFileType = sourcecode.swift; path = "Catagory+CoreDataClass.swift"; sourceTree = "<group>"; };
		6508235D2AAAF83800BE4DA9 /* ComicDetailListItem.swift */ = {isa = PBXFileReference; lastKnownFileType = sourcecode.swift; path = ComicDetailListItem.swift; sourceTree = "<group>"; };
		6511BB852AC2B6EE008D792B /* OLD.swift */ = {isa = PBXFileReference; lastKnownFileType = sourcecode.swift; path = OLD.swift; sourceTree = "<group>"; };
		651D753D2AB478D1002E66F9 /* PagerView.swift */ = {isa = PBXFileReference; lastKnownFileType = sourcecode.swift; path = PagerView.swift; sourceTree = "<group>"; };
		6529B2502AADDF870064AD43 /* PageView.swift */ = {isa = PBXFileReference; lastKnownFileType = sourcecode.swift; path = PageView.swift; sourceTree = "<group>"; };
		655116E12AA714DF0083725D /* YomiYomi.app */ = {isa = PBXFileReference; explicitFileType = wrapper.application; includeInIndex = 0; path = YomiYomi.app; sourceTree = BUILT_PRODUCTS_DIR; };
		655116E42AA714DF0083725D /* YomiYomiApp.swift */ = {isa = PBXFileReference; lastKnownFileType = sourcecode.swift; path = YomiYomiApp.swift; sourceTree = "<group>"; };
		655116E62AA714DF0083725D /* ContentView.swift */ = {isa = PBXFileReference; lastKnownFileType = sourcecode.swift; path = ContentView.swift; sourceTree = "<group>"; };
		655116E82AA714E00083725D /* Assets.xcassets */ = {isa = PBXFileReference; lastKnownFileType = folder.assetcatalog; path = Assets.xcassets; sourceTree = "<group>"; };
		655116EB2AA714E00083725D /* Preview Assets.xcassets */ = {isa = PBXFileReference; lastKnownFileType = folder.assetcatalog; path = "Preview Assets.xcassets"; sourceTree = "<group>"; };
		655116ED2AA714E00083725D /* Persistence.swift */ = {isa = PBXFileReference; lastKnownFileType = sourcecode.swift; path = Persistence.swift; sourceTree = "<group>"; };
		655116F02AA714E00083725D /* YomiYomi.xcdatamodel */ = {isa = PBXFileReference; lastKnownFileType = wrapper.xcdatamodel; path = YomiYomi.xcdatamodel; sourceTree = "<group>"; };
		655117142AA756BC0083725D /* Comic+CoreDataClass.swift */ = {isa = PBXFileReference; lastKnownFileType = sourcecode.swift; name = "Comic+CoreDataClass.swift"; path = "../../Comic+CoreDataClass.swift"; sourceTree = "<group>"; };
		655117162AA756BC0083725D /* Chapter+CoreDataClass.swift */ = {isa = PBXFileReference; lastKnownFileType = sourcecode.swift; name = "Chapter+CoreDataClass.swift"; path = "../../Chapter+CoreDataClass.swift"; sourceTree = "<group>"; };
		6551171C2AA76DB00083725D /* Helper.swift */ = {isa = PBXFileReference; lastKnownFileType = sourcecode.swift; path = Helper.swift; sourceTree = "<group>"; };
		655117212AA86DEB0083725D /* ImageModifier.swift */ = {isa = PBXFileReference; lastKnownFileType = sourcecode.swift; path = ImageModifier.swift; sourceTree = "<group>"; };
		655117232AA86E0F0083725D /* ComicDetailView.swift */ = {isa = PBXFileReference; lastKnownFileType = sourcecode.swift; path = ComicDetailView.swift; sourceTree = "<group>"; };
		655117262AA86ECC0083725D /* TabView.swift */ = {isa = PBXFileReference; lastKnownFileType = sourcecode.swift; path = TabView.swift; sourceTree = "<group>"; };
		655117282AA86EF40083725D /* CatagoryView.swift */ = {isa = PBXFileReference; lastKnownFileType = sourcecode.swift; path = CatagoryView.swift; sourceTree = "<group>"; };
		6551172A2AA86F050083725D /* Constants.swift */ = {isa = PBXFileReference; lastKnownFileType = sourcecode.swift; path = Constants.swift; sourceTree = "<group>"; };
		6551172C2AA872AD0083725D /* ComicView.swift */ = {isa = PBXFileReference; lastKnownFileType = sourcecode.swift; path = ComicView.swift; sourceTree = "<group>"; };
		655117312AA872E20083725D /* Card.swift */ = {isa = PBXFileReference; lastKnownFileType = sourcecode.swift; path = Card.swift; sourceTree = "<group>"; };
		655117332AA872FC0083725D /* Extensions.swift */ = {isa = PBXFileReference; lastKnownFileType = sourcecode.swift; path = Extensions.swift; sourceTree = "<group>"; };
		655117352AA8772F0083725D /* Info.plist */ = {isa = PBXFileReference; lastKnownFileType = text.plist; path = Info.plist; sourceTree = "<group>"; };
/* End PBXFileReference section */

/* Begin PBXFrameworksBuildPhase section */
		655116DE2AA714DF0083725D /* Frameworks */ = {
			isa = PBXFrameworksBuildPhase;
			buildActionMask = 2147483647;
			files = (
				655117302AA872C60083725D /* SwiftUIPager in Frameworks */,
				655117202AA76E3E0083725D /* ZipArchive in Frameworks */,
				6511BB842AC1EFD5008D792B /* ZIPFoundation in Frameworks */,
			);
			runOnlyForDeploymentPostprocessing = 0;
		};
/* End PBXFrameworksBuildPhase section */

/* Begin PBXGroup section */
		650113A72AB871BA00574717 /* CustomBottomTabBar */ = {
			isa = PBXGroup;
			children = (
				650113A32AB8716500574717 /* CustomTabBarContainerView.swift */,
				650113A52AB8719B00574717 /* CustomTabBarView.swift */,
				650113A82AB871CD00574717 /* TabBarItemPreferenceKey.swift */,
			);
			path = CustomBottomTabBar;
			sourceTree = "<group>";
		};
		655116D82AA714DF0083725D = {
			isa = PBXGroup;
			children = (
				655116E32AA714DF0083725D /* YomiYomi */,
				655116E22AA714DF0083725D /* Products */,
			);
			sourceTree = "<group>";
		};
		655116E22AA714DF0083725D /* Products */ = {
			isa = PBXGroup;
			children = (
				655116E12AA714DF0083725D /* YomiYomi.app */,
			);
			name = Products;
			sourceTree = "<group>";
		};
		655116E32AA714DF0083725D /* YomiYomi */ = {
			isa = PBXGroup;
			children = (
				655117352AA8772F0083725D /* Info.plist */,
				655117072AA750CF0083725D /* Model */,
				650113A72AB871BA00574717 /* CustomBottomTabBar */,
				655116E42AA714DF0083725D /* YomiYomiApp.swift */,
				655116E62AA714DF0083725D /* ContentView.swift */,
				655117262AA86ECC0083725D /* TabView.swift */,
				650113AC2AB8805E00574717 /* LibraryView.swift */,
				650113AA2AB8802300574717 /* SettingsView.swift */,
				6529B2502AADDF870064AD43 /* PageView.swift */,
				651D753D2AB478D1002E66F9 /* PagerView.swift */,
				6511BB852AC2B6EE008D792B /* OLD.swift */,
				655117282AA86EF40083725D /* CatagoryView.swift */,
				655117312AA872E20083725D /* Card.swift */,
				655117232AA86E0F0083725D /* ComicDetailView.swift */,
				6508235D2AAAF83800BE4DA9 /* ComicDetailListItem.swift */,
				6551172C2AA872AD0083725D /* ComicView.swift */,
				655117252AA86E400083725D /* Helpers */,
				655116E82AA714E00083725D /* Assets.xcassets */,
				655116ED2AA714E00083725D /* Persistence.swift */,
				655116EF2AA714E00083725D /* YomiYomi.xcdatamodeld */,
				655116EA2AA714E00083725D /* Preview Content */,
			);
			path = YomiYomi;
			sourceTree = "<group>";
		};
		655116EA2AA714E00083725D /* Preview Content */ = {
			isa = PBXGroup;
			children = (
				655116EB2AA714E00083725D /* Preview Assets.xcassets */,
			);
			path = "Preview Content";
			sourceTree = "<group>";
		};
		655117072AA750CF0083725D /* Model */ = {
			isa = PBXGroup;
			children = (
				650113AE2AB9BF4D00574717 /* Catagory+CoreDataClass.swift */,
				655117142AA756BC0083725D /* Comic+CoreDataClass.swift */,
				655117162AA756BC0083725D /* Chapter+CoreDataClass.swift */,
			);
			path = Model;
			sourceTree = "<group>";
		};
		655117252AA86E400083725D /* Helpers */ = {
			isa = PBXGroup;
			children = (
				6551171C2AA76DB00083725D /* Helper.swift */,
				655117212AA86DEB0083725D /* ImageModifier.swift */,
				6551172A2AA86F050083725D /* Constants.swift */,
				655117332AA872FC0083725D /* Extensions.swift */,
			);
			path = Helpers;
			sourceTree = "<group>";
		};
/* End PBXGroup section */

/* Begin PBXNativeTarget section */
		655116E02AA714DF0083725D /* YomiYomi */ = {
			isa = PBXNativeTarget;
			buildConfigurationList = 655116F42AA714E00083725D /* Build configuration list for PBXNativeTarget "YomiYomi" */;
			buildPhases = (
				655116DD2AA714DF0083725D /* Sources */,
				655116DE2AA714DF0083725D /* Frameworks */,
				655116DF2AA714DF0083725D /* Resources */,
			);
			buildRules = (
			);
			dependencies = (
			);
			name = YomiYomi;
			packageProductDependencies = (
				6551171F2AA76E3E0083725D /* ZipArchive */,
				6551172F2AA872C60083725D /* SwiftUIPager */,
				6511BB832AC1EFD5008D792B /* ZIPFoundation */,
			);
			productName = YomiYomi;
			productReference = 655116E12AA714DF0083725D /* YomiYomi.app */;
			productType = "com.apple.product-type.application";
		};
/* End PBXNativeTarget section */

/* Begin PBXProject section */
		655116D92AA714DF0083725D /* Project object */ = {
			isa = PBXProject;
			attributes = {
				BuildIndependentTargetsInParallel = 1;
				LastSwiftUpdateCheck = 1500;
				LastUpgradeCheck = 1500;
				TargetAttributes = {
					655116E02AA714DF0083725D = {
						CreatedOnToolsVersion = 15.0;
					};
				};
			};
			buildConfigurationList = 655116DC2AA714DF0083725D /* Build configuration list for PBXProject "YomiYomi" */;
			compatibilityVersion = "Xcode 14.0";
			developmentRegion = en;
			hasScannedForEncodings = 0;
			knownRegions = (
				en,
				Base,
			);
			mainGroup = 655116D82AA714DF0083725D;
			packageReferences = (
				6551171E2AA76E3E0083725D /* XCRemoteSwiftPackageReference "ZipArchive" */,
				6551172E2AA872C60083725D /* XCRemoteSwiftPackageReference "SwiftUIPager" */,
				6511BB822AC1EFD5008D792B /* XCRemoteSwiftPackageReference "ZIPFoundation" */,
			);
			productRefGroup = 655116E22AA714DF0083725D /* Products */;
			projectDirPath = "";
			projectRoot = "";
			targets = (
				655116E02AA714DF0083725D /* YomiYomi */,
			);
		};
/* End PBXProject section */

/* Begin PBXResourcesBuildPhase section */
		655116DF2AA714DF0083725D /* Resources */ = {
			isa = PBXResourcesBuildPhase;
			buildActionMask = 2147483647;
			files = (
				655116EC2AA714E00083725D /* Preview Assets.xcassets in Resources */,
				655116E92AA714E00083725D /* Assets.xcassets in Resources */,
			);
			runOnlyForDeploymentPostprocessing = 0;
		};
/* End PBXResourcesBuildPhase section */

/* Begin PBXSourcesBuildPhase section */
		655116DD2AA714DF0083725D /* Sources */ = {
			isa = PBXSourcesBuildPhase;
			buildActionMask = 2147483647;
			files = (
				655117272AA86ECC0083725D /* TabView.swift in Sources */,
				655117342AA872FC0083725D /* Extensions.swift in Sources */,
				650113A92AB871CD00574717 /* TabBarItemPreferenceKey.swift in Sources */,
				655117222AA86DEB0083725D /* ImageModifier.swift in Sources */,
				6551171A2AA756BC0083725D /* Chapter+CoreDataClass.swift in Sources */,
				6551171D2AA76DB00083725D /* Helper.swift in Sources */,
				655116EE2AA714E00083725D /* Persistence.swift in Sources */,
				650113A62AB8719B00574717 /* CustomTabBarView.swift in Sources */,
				655117182AA756BC0083725D /* Comic+CoreDataClass.swift in Sources */,
				6511BB862AC2B6EE008D792B /* OLD.swift in Sources */,
				655116F12AA714E00083725D /* YomiYomi.xcdatamodeld in Sources */,
				6551172D2AA872AD0083725D /* ComicView.swift in Sources */,
				655117292AA86EF40083725D /* CatagoryView.swift in Sources */,
				655117322AA872E20083725D /* Card.swift in Sources */,
				650113B02AB9BF4D00574717 /* Catagory+CoreDataClass.swift in Sources */,
				655116E72AA714DF0083725D /* ContentView.swift in Sources */,
				650113AB2AB8802300574717 /* SettingsView.swift in Sources */,
				655116E52AA714DF0083725D /* YomiYomiApp.swift in Sources */,
				650113A42AB8716500574717 /* CustomTabBarContainerView.swift in Sources */,
				650113AD2AB8805E00574717 /* LibraryView.swift in Sources */,
				6508235E2AAAF83800BE4DA9 /* ComicDetailListItem.swift in Sources */,
				655117242AA86E0F0083725D /* ComicDetailView.swift in Sources */,
				6529B2512AADDF870064AD43 /* PageView.swift in Sources */,
				651D753E2AB478D1002E66F9 /* PagerView.swift in Sources */,
				6551172B2AA86F050083725D /* Constants.swift in Sources */,
			);
			runOnlyForDeploymentPostprocessing = 0;
		};
/* End PBXSourcesBuildPhase section */

/* Begin XCBuildConfiguration section */
		655116F22AA714E00083725D /* Debug */ = {
			isa = XCBuildConfiguration;
			buildSettings = {
				ALWAYS_SEARCH_USER_PATHS = NO;
				ASSETCATALOG_COMPILER_GENERATE_SWIFT_ASSET_SYMBOL_EXTENSIONS = YES;
				CLANG_ANALYZER_NONNULL = YES;
				CLANG_ANALYZER_NUMBER_OBJECT_CONVERSION = YES_AGGRESSIVE;
				CLANG_CXX_LANGUAGE_STANDARD = "gnu++20";
				CLANG_ENABLE_MODULES = YES;
				CLANG_ENABLE_OBJC_ARC = YES;
				CLANG_ENABLE_OBJC_WEAK = YES;
				CLANG_WARN_BLOCK_CAPTURE_AUTORELEASING = YES;
				CLANG_WARN_BOOL_CONVERSION = YES;
				CLANG_WARN_COMMA = YES;
				CLANG_WARN_CONSTANT_CONVERSION = YES;
				CLANG_WARN_DEPRECATED_OBJC_IMPLEMENTATIONS = YES;
				CLANG_WARN_DIRECT_OBJC_ISA_USAGE = YES_ERROR;
				CLANG_WARN_DOCUMENTATION_COMMENTS = YES;
				CLANG_WARN_EMPTY_BODY = YES;
				CLANG_WARN_ENUM_CONVERSION = YES;
				CLANG_WARN_INFINITE_RECURSION = YES;
				CLANG_WARN_INT_CONVERSION = YES;
				CLANG_WARN_NON_LITERAL_NULL_CONVERSION = YES;
				CLANG_WARN_OBJC_IMPLICIT_RETAIN_SELF = YES;
				CLANG_WARN_OBJC_LITERAL_CONVERSION = YES;
				CLANG_WARN_OBJC_ROOT_CLASS = YES_ERROR;
				CLANG_WARN_QUOTED_INCLUDE_IN_FRAMEWORK_HEADER = YES;
				CLANG_WARN_RANGE_LOOP_ANALYSIS = YES;
				CLANG_WARN_STRICT_PROTOTYPES = YES;
				CLANG_WARN_SUSPICIOUS_MOVE = YES;
				CLANG_WARN_UNGUARDED_AVAILABILITY = YES_AGGRESSIVE;
				CLANG_WARN_UNREACHABLE_CODE = YES;
				CLANG_WARN__DUPLICATE_METHOD_MATCH = YES;
				COPY_PHASE_STRIP = NO;
				DEBUG_INFORMATION_FORMAT = dwarf;
				ENABLE_STRICT_OBJC_MSGSEND = YES;
				ENABLE_TESTABILITY = YES;
				ENABLE_USER_SCRIPT_SANDBOXING = YES;
				GCC_C_LANGUAGE_STANDARD = gnu17;
				GCC_DYNAMIC_NO_PIC = NO;
				GCC_NO_COMMON_BLOCKS = YES;
				GCC_OPTIMIZATION_LEVEL = 0;
				GCC_PREPROCESSOR_DEFINITIONS = (
					"DEBUG=1",
					"$(inherited)",
				);
				GCC_WARN_64_TO_32_BIT_CONVERSION = YES;
				GCC_WARN_ABOUT_RETURN_TYPE = YES_ERROR;
				GCC_WARN_UNDECLARED_SELECTOR = YES;
				GCC_WARN_UNINITIALIZED_AUTOS = YES_AGGRESSIVE;
				GCC_WARN_UNUSED_FUNCTION = YES;
				GCC_WARN_UNUSED_VARIABLE = YES;
				IPHONEOS_DEPLOYMENT_TARGET = 17.0;
				LOCALIZATION_PREFERS_STRING_CATALOGS = YES;
				MTL_ENABLE_DEBUG_INFO = INCLUDE_SOURCE;
				MTL_FAST_MATH = YES;
				ONLY_ACTIVE_ARCH = YES;
				SDKROOT = iphoneos;
				SWIFT_ACTIVE_COMPILATION_CONDITIONS = "DEBUG $(inherited)";
				SWIFT_OPTIMIZATION_LEVEL = "-Onone";
			};
			name = Debug;
		};
		655116F32AA714E00083725D /* Release */ = {
			isa = XCBuildConfiguration;
			buildSettings = {
				ALWAYS_SEARCH_USER_PATHS = NO;
				ASSETCATALOG_COMPILER_GENERATE_SWIFT_ASSET_SYMBOL_EXTENSIONS = YES;
				CLANG_ANALYZER_NONNULL = YES;
				CLANG_ANALYZER_NUMBER_OBJECT_CONVERSION = YES_AGGRESSIVE;
				CLANG_CXX_LANGUAGE_STANDARD = "gnu++20";
				CLANG_ENABLE_MODULES = YES;
				CLANG_ENABLE_OBJC_ARC = YES;
				CLANG_ENABLE_OBJC_WEAK = YES;
				CLANG_WARN_BLOCK_CAPTURE_AUTORELEASING = YES;
				CLANG_WARN_BOOL_CONVERSION = YES;
				CLANG_WARN_COMMA = YES;
				CLANG_WARN_CONSTANT_CONVERSION = YES;
				CLANG_WARN_DEPRECATED_OBJC_IMPLEMENTATIONS = YES;
				CLANG_WARN_DIRECT_OBJC_ISA_USAGE = YES_ERROR;
				CLANG_WARN_DOCUMENTATION_COMMENTS = YES;
				CLANG_WARN_EMPTY_BODY = YES;
				CLANG_WARN_ENUM_CONVERSION = YES;
				CLANG_WARN_INFINITE_RECURSION = YES;
				CLANG_WARN_INT_CONVERSION = YES;
				CLANG_WARN_NON_LITERAL_NULL_CONVERSION = YES;
				CLANG_WARN_OBJC_IMPLICIT_RETAIN_SELF = YES;
				CLANG_WARN_OBJC_LITERAL_CONVERSION = YES;
				CLANG_WARN_OBJC_ROOT_CLASS = YES_ERROR;
				CLANG_WARN_QUOTED_INCLUDE_IN_FRAMEWORK_HEADER = YES;
				CLANG_WARN_RANGE_LOOP_ANALYSIS = YES;
				CLANG_WARN_STRICT_PROTOTYPES = YES;
				CLANG_WARN_SUSPICIOUS_MOVE = YES;
				CLANG_WARN_UNGUARDED_AVAILABILITY = YES_AGGRESSIVE;
				CLANG_WARN_UNREACHABLE_CODE = YES;
				CLANG_WARN__DUPLICATE_METHOD_MATCH = YES;
				COPY_PHASE_STRIP = NO;
				DEBUG_INFORMATION_FORMAT = "dwarf-with-dsym";
				ENABLE_NS_ASSERTIONS = NO;
				ENABLE_STRICT_OBJC_MSGSEND = YES;
				ENABLE_USER_SCRIPT_SANDBOXING = YES;
				GCC_C_LANGUAGE_STANDARD = gnu17;
				GCC_NO_COMMON_BLOCKS = YES;
				GCC_WARN_64_TO_32_BIT_CONVERSION = YES;
				GCC_WARN_ABOUT_RETURN_TYPE = YES_ERROR;
				GCC_WARN_UNDECLARED_SELECTOR = YES;
				GCC_WARN_UNINITIALIZED_AUTOS = YES_AGGRESSIVE;
				GCC_WARN_UNUSED_FUNCTION = YES;
				GCC_WARN_UNUSED_VARIABLE = YES;
				IPHONEOS_DEPLOYMENT_TARGET = 17.0;
				LOCALIZATION_PREFERS_STRING_CATALOGS = YES;
				MTL_ENABLE_DEBUG_INFO = NO;
				MTL_FAST_MATH = YES;
				SDKROOT = iphoneos;
				SWIFT_COMPILATION_MODE = wholemodule;
				VALIDATE_PRODUCT = YES;
			};
			name = Release;
		};
		655116F52AA714E00083725D /* Debug */ = {
			isa = XCBuildConfiguration;
			buildSettings = {
				ASSETCATALOG_COMPILER_APPICON_NAME = AppIcon;
				ASSETCATALOG_COMPILER_GLOBAL_ACCENT_COLOR_NAME = AccentColor;
				CODE_SIGN_STYLE = Automatic;
				CURRENT_PROJECT_VERSION = 1;
				DEVELOPMENT_ASSET_PATHS = "\"YomiYomi/Preview Content\"";
				DEVELOPMENT_TEAM = D7UAPTYYWC;
				ENABLE_PREVIEWS = YES;
				GENERATE_INFOPLIST_FILE = YES;
				INFOPLIST_FILE = YomiYomi/Info.plist;
				INFOPLIST_KEY_LSSupportsOpeningDocumentsInPlace = YES;
				INFOPLIST_KEY_UIApplicationSceneManifest_Generation = YES;
				INFOPLIST_KEY_UIApplicationSupportsIndirectInputEvents = YES;
				INFOPLIST_KEY_UILaunchScreen_Generation = YES;
				INFOPLIST_KEY_UISupportedInterfaceOrientations_iPad = "UIInterfaceOrientationPortrait UIInterfaceOrientationPortraitUpsideDown UIInterfaceOrientationLandscapeLeft UIInterfaceOrientationLandscapeRight";
				INFOPLIST_KEY_UISupportedInterfaceOrientations_iPhone = "UIInterfaceOrientationPortrait UIInterfaceOrientationLandscapeLeft UIInterfaceOrientationLandscapeRight";
				LD_RUNPATH_SEARCH_PATHS = (
					"$(inherited)",
					"@executable_path/Frameworks",
				);
				MARKETING_VERSION = 1.0;
				PRODUCT_BUNDLE_IDENTIFIER = com.norden.YomiYomi;
				PRODUCT_NAME = "$(TARGET_NAME)";
				SWIFT_EMIT_LOC_STRINGS = YES;
				SWIFT_VERSION = 5.0;
				TARGETED_DEVICE_FAMILY = "1,2";
			};
			name = Debug;
		};
		655116F62AA714E00083725D /* Release */ = {
			isa = XCBuildConfiguration;
			buildSettings = {
				ASSETCATALOG_COMPILER_APPICON_NAME = AppIcon;
				ASSETCATALOG_COMPILER_GLOBAL_ACCENT_COLOR_NAME = AccentColor;
				CODE_SIGN_STYLE = Automatic;
				CURRENT_PROJECT_VERSION = 1;
				DEVELOPMENT_ASSET_PATHS = "\"YomiYomi/Preview Content\"";
				DEVELOPMENT_TEAM = D7UAPTYYWC;
				ENABLE_PREVIEWS = YES;
				GENERATE_INFOPLIST_FILE = YES;
				INFOPLIST_FILE = YomiYomi/Info.plist;
				INFOPLIST_KEY_LSSupportsOpeningDocumentsInPlace = YES;
				INFOPLIST_KEY_UIApplicationSceneManifest_Generation = YES;
				INFOPLIST_KEY_UIApplicationSupportsIndirectInputEvents = YES;
				INFOPLIST_KEY_UILaunchScreen_Generation = YES;
				INFOPLIST_KEY_UISupportedInterfaceOrientations_iPad = "UIInterfaceOrientationPortrait UIInterfaceOrientationPortraitUpsideDown UIInterfaceOrientationLandscapeLeft UIInterfaceOrientationLandscapeRight";
				INFOPLIST_KEY_UISupportedInterfaceOrientations_iPhone = "UIInterfaceOrientationPortrait UIInterfaceOrientationLandscapeLeft UIInterfaceOrientationLandscapeRight";
				LD_RUNPATH_SEARCH_PATHS = (
					"$(inherited)",
					"@executable_path/Frameworks",
				);
				MARKETING_VERSION = 1.0;
				PRODUCT_BUNDLE_IDENTIFIER = com.norden.YomiYomi;
				PRODUCT_NAME = "$(TARGET_NAME)";
				SWIFT_EMIT_LOC_STRINGS = YES;
				SWIFT_VERSION = 5.0;
				TARGETED_DEVICE_FAMILY = "1,2";
			};
			name = Release;
		};
/* End XCBuildConfiguration section */

/* Begin XCConfigurationList section */
		655116DC2AA714DF0083725D /* Build configuration list for PBXProject "YomiYomi" */ = {
			isa = XCConfigurationList;
			buildConfigurations = (
				655116F22AA714E00083725D /* Debug */,
				655116F32AA714E00083725D /* Release */,
			);
			defaultConfigurationIsVisible = 0;
			defaultConfigurationName = Release;
		};
		655116F42AA714E00083725D /* Build configuration list for PBXNativeTarget "YomiYomi" */ = {
			isa = XCConfigurationList;
			buildConfigurations = (
				655116F52AA714E00083725D /* Debug */,
				655116F62AA714E00083725D /* Release */,
			);
			defaultConfigurationIsVisible = 0;
			defaultConfigurationName = Release;
		};
/* End XCConfigurationList section */

/* Begin XCRemoteSwiftPackageReference section */
		6511BB822AC1EFD5008D792B /* XCRemoteSwiftPackageReference "ZIPFoundation" */ = {
			isa = XCRemoteSwiftPackageReference;
			repositoryURL = "https://github.com/weichsel/ZIPFoundation#accessing-individual-entries";
			requirement = {
				kind = upToNextMajorVersion;
				minimumVersion = 0.9.16;
			};
		};
		6551171E2AA76E3E0083725D /* XCRemoteSwiftPackageReference "ZipArchive" */ = {
			isa = XCRemoteSwiftPackageReference;
			repositoryURL = "https://github.com/ZipArchive/ZipArchive.git";
			requirement = {
				kind = upToNextMajorVersion;
				minimumVersion = 2.5.4;
			};
		};
		6551172E2AA872C60083725D /* XCRemoteSwiftPackageReference "SwiftUIPager" */ = {
			isa = XCRemoteSwiftPackageReference;
			repositoryURL = "https://github.com/fermoya/SwiftUIPager";
			requirement = {
				kind = upToNextMajorVersion;
				minimumVersion = 2.5.0;
			};
		};
/* End XCRemoteSwiftPackageReference section */

/* Begin XCSwiftPackageProductDependency section */
		6511BB832AC1EFD5008D792B /* ZIPFoundation */ = {
			isa = XCSwiftPackageProductDependency;
			package = 6511BB822AC1EFD5008D792B /* XCRemoteSwiftPackageReference "ZIPFoundation" */;
			productName = ZIPFoundation;
		};
		6551171F2AA76E3E0083725D /* ZipArchive */ = {
			isa = XCSwiftPackageProductDependency;
			package = 6551171E2AA76E3E0083725D /* XCRemoteSwiftPackageReference "ZipArchive" */;
			productName = ZipArchive;
		};
		6551172F2AA872C60083725D /* SwiftUIPager */ = {
			isa = XCSwiftPackageProductDependency;
			package = 6551172E2AA872C60083725D /* XCRemoteSwiftPackageReference "SwiftUIPager" */;
			productName = SwiftUIPager;
		};
/* End XCSwiftPackageProductDependency section */

/* Begin XCVersionGroup section */
		655116EF2AA714E00083725D /* YomiYomi.xcdatamodeld */ = {
			isa = XCVersionGroup;
			children = (
				655116F02AA714E00083725D /* YomiYomi.xcdatamodel */,
			);
			currentVersion = 655116F02AA714E00083725D /* YomiYomi.xcdatamodel */;
			path = YomiYomi.xcdatamodeld;
			sourceTree = "<group>";
			versionGroupType = wrapper.xcdatamodel;
		};
/* End XCVersionGroup section */
	};
	rootObject = 655116D92AA714DF0083725D /* Project object */;
}
