{
  "pins" : [
    {
      "identity" : "swiftuipager",
      "kind" : "remoteSourceControl",
      "location" : "https://github.com/fermoya/SwiftUIPager",
      "state" : {
        "revision" : "4ddc04c801aac143090bb14cf26603a3bf9c74cb",
        "version" : "2.5.0"
      }
    },
    {
      "identity" : "ziparchive",
      "kind" : "remoteSourceControl",
      "location" : "https://github.com/ZipArchive/ZipArchive.git",
      "state" : {
        "revision" : "b56f8c605a233fb25fe8d49f1b9ed50912c2d1b7",
        "version" : "2.5.4"
      }
    },
    {
      "identity" : "zipfoundation#accessing-individual-entries",
      "kind" : "remoteSourceControl",
      "location" : "https://github.com/weichsel/ZIPFoundation#accessing-individual-entries",
      "state" : {
        "revision" : "43ec568034b3731101dbf7670765d671c30f54f3",
        "version" : "0.9.16"
      }
    }
  ],
  "version" : 2
}
